
Microsoft Visual Studio Solution File, Format Version 12.00
# Visual Studio Version 17
VisualStudioVersion = 17.13.35825.156 d17.13
MinimumVisualStudioVersion = 10.0.40219.1
Project("{FAE04EC0-301F-11D3-BF4B-00C04F79EFBC}") = "JCVL20250320.AppWebMVC", "JCVL20250320.AppWebMVC\JCVL20250320.AppWebMVC.csproj", "{A3BA4C0F-9078-4B24-9A9C-5BFBB663E87E}"
EndProject
Global
	GlobalSection(SolutionConfigurationPlatforms) = preSolution
		Debug|Any CPU = Debug|Any CPU
		Release|Any CPU = Release|Any CPU
	EndGlobalSection
	GlobalSection(ProjectConfigurationPlatforms) = postSolution
		{A3BA4C0F-9078-4B24-9A9C-5BFBB663E87E}.Debug|Any CPU.ActiveCfg = Debug|Any CPU
		{A3BA4C0F-9078-4B24-9A9C-5BFBB663E87E}.Debug|Any CPU.Build.0 = Debug|Any CPU
		{A3BA4C0F-9078-4B24-9A9C-5BFBB663E87E}.Release|Any CPU.ActiveCfg = Release|Any CPU
		{A3BA4C0F-9078-4B24-9A9C-5BFBB663E87E}.Release|Any CPU.Build.0 = Release|Any CPU
	EndGlobalSection
	GlobalSection(SolutionProperties) = preSolution
		HideSolutionNode = FALSE
	EndGlobalSection
	GlobalSection(ExtensibilityGlobals) = postSolution
		SolutionGuid = {0426D54A-C810-4EE9-A17C-FEF472E0D165}
	EndGlobalSection
EndGlobal
